
Microsoft Visual Studio Solution File, Format Version 12.00
# Visual Studio Version 17
VisualStudioVersion = 17.2.32526.322
MinimumVisualStudioVersion = 10.0.40219.1
Project("{FAE04EC0-301F-11D3-BF4B-00C04F79EFBC}") = "Delegates", "Delegates\Delegates.csproj", "{C02FF208-C2EF-48F9-97EB-AA87D784FC65}"
EndProject
Global
	GlobalSection(SolutionConfigurationPlatforms) = preSolution
		Debug|Any CPU = Debug|Any CPU
		Release|Any CPU = Release|Any CPU
	EndGlobalSection
	GlobalSection(ProjectConfigurationPlatforms) = postSolution
		{C02FF208-C2EF-48F9-97EB-AA87D784FC65}.Debug|Any CPU.ActiveCfg = Debug|Any CPU
		{C02FF208-C2EF-48F9-97EB-AA87D784FC65}.Debug|Any CPU.Build.0 = Debug|Any CPU
		{C02FF208-C2EF-48F9-97EB-AA87D784FC65}.Release|Any CPU.ActiveCfg = Release|Any CPU
		{C02FF208-C2EF-48F9-97EB-AA87D784FC65}.Release|Any CPU.Build.0 = Release|Any CPU
	EndGlobalSection
	GlobalSection(SolutionProperties) = preSolution
		HideSolutionNode = FALSE
	EndGlobalSection
	GlobalSection(ExtensibilityGlobals) = postSolution
		SolutionGuid = {421C12FC-1A8F-49FC-9B49-EF7AA096B819}
	EndGlobalSection
EndGlobal
